
Microsoft Visual Studio Solution File, Format Version 12.00
# Visual Studio Version 17
VisualStudioVersion = 17.8.34330.188
MinimumVisualStudioVersion = 10.0.40219.1
Project("{9A19103F-16F7-4668-BE54-9A1E7A4F7556}") = "Task1", "Task1\Task1.csproj", "{98F75AB9-F168-4161-87DB-FB55C5F5B58A}"
EndProject
Project("{9A19103F-16F7-4668-BE54-9A1E7A4F7556}") = "Task2", "Task2\Task2.csproj", "{FB0A949E-0D2C-47EC-BCDB-3E9B7B229D80}"
EndProject
Project("{9A19103F-16F7-4668-BE54-9A1E7A4F7556}") = "Task3", "Task3\Task3.csproj", "{93702D39-FC12-4CCF-B5E3-FAF250888661}"
EndProject
Project("{9A19103F-16F7-4668-BE54-9A1E7A4F7556}") = "Task4", "Task4\Task4.csproj", "{CD2C0778-1ABD-402C-B786-B43A91C019C2}"
EndProject
Project("{9A19103F-16F7-4668-BE54-9A1E7A4F7556}") = "Task5", "Task5\Task5.csproj", "{0910114D-BE91-46F2-82FD-D308409D1702}"
EndProject
Project("{2150E333-8FDC-42A3-9474-1A3956D46DE8}") = "Task6,9", "Task6,9", "{2D40DFDA-564D-4350-B0F0-977D2644E6E5}"
	ProjectSection(SolutionItems) = preProject
		readme.txt = readme.txt
	EndProjectSection
EndProject
Project("{9A19103F-16F7-4668-BE54-9A1E7A4F7556}") = "Task7", "Task7\Task7.csproj", "{C5AD8D07-9B5F-4072-9357-2049DADE7215}"
EndProject
Project("{9A19103F-16F7-4668-BE54-9A1E7A4F7556}") = "Task8", "Task8\Task8.csproj", "{F74E31B5-E32E-47DF-B073-8BE04199E1E0}"
EndProject
Project("{9A19103F-16F7-4668-BE54-9A1E7A4F7556}") = "Task10.Backend", "Task10.Backend\Task10.Backend.csproj", "{6533E48E-F73C-41DF-8B4D-034AEBC2C559}"
EndProject
Project("{FAE04EC0-301F-11D3-BF4B-00C04F79EFBC}") = "Task10.Frontend", "Task10.Frontend\Task10.Frontend.csproj", "{8927203B-2C57-4491-B6AB-0246D62108ED}"
EndProject
Global
	GlobalSection(SolutionConfigurationPlatforms) = preSolution
		Debug|Any CPU = Debug|Any CPU
		Release|Any CPU = Release|Any CPU
	EndGlobalSection
	GlobalSection(ProjectConfigurationPlatforms) = postSolution
		{98F75AB9-F168-4161-87DB-FB55C5F5B58A}.Debug|Any CPU.ActiveCfg = Debug|Any CPU
		{98F75AB9-F168-4161-87DB-FB55C5F5B58A}.Debug|Any CPU.Build.0 = Debug|Any CPU
		{98F75AB9-F168-4161-87DB-FB55C5F5B58A}.Release|Any CPU.ActiveCfg = Release|Any CPU
		{98F75AB9-F168-4161-87DB-FB55C5F5B58A}.Release|Any CPU.Build.0 = Release|Any CPU
		{FB0A949E-0D2C-47EC-BCDB-3E9B7B229D80}.Debug|Any CPU.ActiveCfg = Debug|Any CPU
		{FB0A949E-0D2C-47EC-BCDB-3E9B7B229D80}.Debug|Any CPU.Build.0 = Debug|Any CPU
		{FB0A949E-0D2C-47EC-BCDB-3E9B7B229D80}.Release|Any CPU.ActiveCfg = Release|Any CPU
		{FB0A949E-0D2C-47EC-BCDB-3E9B7B229D80}.Release|Any CPU.Build.0 = Release|Any CPU
		{93702D39-FC12-4CCF-B5E3-FAF250888661}.Debug|Any CPU.ActiveCfg = Debug|Any CPU
		{93702D39-FC12-4CCF-B5E3-FAF250888661}.Debug|Any CPU.Build.0 = Debug|Any CPU
		{93702D39-FC12-4CCF-B5E3-FAF250888661}.Release|Any CPU.ActiveCfg = Release|Any CPU
		{93702D39-FC12-4CCF-B5E3-FAF250888661}.Release|Any CPU.Build.0 = Release|Any CPU
		{CD2C0778-1ABD-402C-B786-B43A91C019C2}.Debug|Any CPU.ActiveCfg = Debug|Any CPU
		{CD2C0778-1ABD-402C-B786-B43A91C019C2}.Debug|Any CPU.Build.0 = Debug|Any CPU
		{CD2C0778-1ABD-402C-B786-B43A91C019C2}.Release|Any CPU.ActiveCfg = Release|Any CPU
		{CD2C0778-1ABD-402C-B786-B43A91C019C2}.Release|Any CPU.Build.0 = Release|Any CPU
		{0910114D-BE91-46F2-82FD-D308409D1702}.Debug|Any CPU.ActiveCfg = Debug|Any CPU
		{0910114D-BE91-46F2-82FD-D308409D1702}.Debug|Any CPU.Build.0 = Debug|Any CPU
		{0910114D-BE91-46F2-82FD-D308409D1702}.Release|Any CPU.ActiveCfg = Release|Any CPU
		{0910114D-BE91-46F2-82FD-D308409D1702}.Release|Any CPU.Build.0 = Release|Any CPU
		{C5AD8D07-9B5F-4072-9357-2049DADE7215}.Debug|Any CPU.ActiveCfg = Debug|Any CPU
		{C5AD8D07-9B5F-4072-9357-2049DADE7215}.Debug|Any CPU.Build.0 = Debug|Any CPU
		{C5AD8D07-9B5F-4072-9357-2049DADE7215}.Release|Any CPU.ActiveCfg = Release|Any CPU
		{C5AD8D07-9B5F-4072-9357-2049DADE7215}.Release|Any CPU.Build.0 = Release|Any CPU
		{F74E31B5-E32E-47DF-B073-8BE04199E1E0}.Debug|Any CPU.ActiveCfg = Debug|Any CPU
		{F74E31B5-E32E-47DF-B073-8BE04199E1E0}.Debug|Any CPU.Build.0 = Debug|Any CPU
		{F74E31B5-E32E-47DF-B073-8BE04199E1E0}.Release|Any CPU.ActiveCfg = Release|Any CPU
		{F74E31B5-E32E-47DF-B073-8BE04199E1E0}.Release|Any CPU.Build.0 = Release|Any CPU
		{6533E48E-F73C-41DF-8B4D-034AEBC2C559}.Debug|Any CPU.ActiveCfg = Debug|Any CPU
		{6533E48E-F73C-41DF-8B4D-034AEBC2C559}.Debug|Any CPU.Build.0 = Debug|Any CPU
		{6533E48E-F73C-41DF-8B4D-034AEBC2C559}.Release|Any CPU.ActiveCfg = Release|Any CPU
		{6533E48E-F73C-41DF-8B4D-034AEBC2C559}.Release|Any CPU.Build.0 = Release|Any CPU
		{8927203B-2C57-4491-B6AB-0246D62108ED}.Debug|Any CPU.ActiveCfg = Debug|Any CPU
		{8927203B-2C57-4491-B6AB-0246D62108ED}.Debug|Any CPU.Build.0 = Debug|Any CPU
		{8927203B-2C57-4491-B6AB-0246D62108ED}.Release|Any CPU.ActiveCfg = Release|Any CPU
		{8927203B-2C57-4491-B6AB-0246D62108ED}.Release|Any CPU.Build.0 = Release|Any CPU
	EndGlobalSection
	GlobalSection(SolutionProperties) = preSolution
		HideSolutionNode = FALSE
	EndGlobalSection
	GlobalSection(ExtensibilityGlobals) = postSolution
		SolutionGuid = {B6FBAE4C-6734-401C-A8D7-4CE3F8607CBB}
	EndGlobalSection
EndGlobal
